# THIS IS AN AUTOGENERATED FILE. DO NOT EDIT THIS FILE DIRECTLY.
# yarn lockfile v1


async@^3.2.6:
  version "3.2.6"
  resolved "https://artifactory.tcsbank.ru/artifactory/api/npm/npm-all/async/-/async-3.2.6.tgz#1b0728e14929d51b85b449b7f06e27c1145e38ce"
  integrity sha512-htCUDlxyyCLMgaM3xXg0C0LW2xqfuQ6p05pCEIsXuyQ+a1koYKTuBMzRNwmybfLgvJDMd0r1LTn4+E0Ti6C2AA==

node-mime@^1.0.0:
  version "1.0.0"
  resolved "https://artifactory.tcsbank.ru/artifactory/api/npm/npm-all/node-mime/-/node-mime-1.0.0.tgz#359a91f781e179615ac18a2b282d0c26e681d454"
  integrity sha512-YWbVJ7Bq84+7gxxPW9QAb79+Gc40DXhJZxqHKsDEK5FYJID0DukqGy1JfyMbRBRgvU3UGCVnSn8oiajHC23fsw==
