# THIS IS AN AUTOGENERATED FILE. DO NOT EDIT THIS FILE DIRECTLY.
# yarn lockfile v1


"@esbuild/aix-ppc64@0.25.10":
  version "0.25.10"
  resolved "https://artifactory.tcsbank.ru/artifactory/api/npm/npm-all/@esbuild/aix-ppc64/-/aix-ppc64-0.25.10.tgz#ee6b7163a13528e099ecf562b972f2bcebe0aa97"
  integrity sha512-0NFWnA+7l41irNuaSVlLfgNT12caWJVLzp5eAVhZ0z1qpxbockccEt3s+149rE64VUI3Ml2zt8Nv5JVc4QXTsw==

"@esbuild/android-arm64@0.25.10":
  version "0.25.10"
  resolved "https://artifactory.tcsbank.ru/artifactory/api/npm/npm-all/@esbuild/android-arm64/-/android-arm64-0.25.10.tgz#115fc76631e82dd06811bfaf2db0d4979c16e2cb"
  integrity sha512-LSQa7eDahypv/VO6WKohZGPSJDq5OVOo3UoFR1E4t4Gj1W7zEQMUhI+lo81H+DtB+kP+tDgBp+M4oNCwp6kffg==

"@esbuild/android-arm@0.25.10":
  version "0.25.10"
  resolved "https://artifactory.tcsbank.ru/artifactory/api/npm/npm-all/@esbuild/android-arm/-/android-arm-0.25.10.tgz#8d5811912da77f615398611e5bbc1333fe321aa9"
  integrity sha512-dQAxF1dW1C3zpeCDc5KqIYuZ1tgAdRXNoZP7vkBIRtKZPYe2xVr/d3SkirklCHudW1B45tGiUlz2pUWDfbDD4w==

"@esbuild/android-x64@0.25.10":
  version "0.25.10"
  resolved "https://artifactory.tcsbank.ru/artifactory/api/npm/npm-all/@esbuild/android-x64/-/android-x64-0.25.10.tgz#e3e96516b2d50d74105bb92594c473e30ddc16b1"
  integrity sha512-MiC9CWdPrfhibcXwr39p9ha1x0lZJ9KaVfvzA0Wxwz9ETX4v5CHfF09bx935nHlhi+MxhA63dKRRQLiVgSUtEg==

"@esbuild/darwin-arm64@0.25.10":
  version "0.25.10"
  resolved "https://artifactory.tcsbank.ru/artifactory/api/npm/npm-all/@esbuild/darwin-arm64/-/darwin-arm64-0.25.10.tgz#6af6bb1d05887dac515de1b162b59dc71212ed76"
  integrity sha512-JC74bdXcQEpW9KkV326WpZZjLguSZ3DfS8wrrvPMHgQOIEIG/sPXEN/V8IssoJhbefLRcRqw6RQH2NnpdprtMA==

"@esbuild/darwin-x64@0.25.10":
  version "0.25.10"
  resolved "https://artifactory.tcsbank.ru/artifactory/api/npm/npm-all/@esbuild/darwin-x64/-/darwin-x64-0.25.10.tgz#99ae82347fbd336fc2d28ffd4f05694e6e5b723d"
  integrity sha512-tguWg1olF6DGqzws97pKZ8G2L7Ig1vjDmGTwcTuYHbuU6TTjJe5FXbgs5C1BBzHbJ2bo1m3WkQDbWO2PvamRcg==

"@esbuild/freebsd-arm64@0.25.10":
  version "0.25.10"
  resolved "https://artifactory.tcsbank.ru/artifactory/api/npm/npm-all/@esbuild/freebsd-arm64/-/freebsd-arm64-0.25.10.tgz#0c6d5558a6322b0bdb17f7025c19bd7d2359437d"
  integrity sha512-3ZioSQSg1HT2N05YxeJWYR+Libe3bREVSdWhEEgExWaDtyFbbXWb49QgPvFH8u03vUPX10JhJPcz7s9t9+boWg==

"@esbuild/freebsd-x64@0.25.10":
  version "0.25.10"
  resolved "https://artifactory.tcsbank.ru/artifactory/api/npm/npm-all/@esbuild/freebsd-x64/-/freebsd-x64-0.25.10.tgz#8c35873fab8c0857a75300a3dcce4324ca0b9844"
  integrity sha512-LLgJfHJk014Aa4anGDbh8bmI5Lk+QidDmGzuC2D+vP7mv/GeSN+H39zOf7pN5N8p059FcOfs2bVlrRr4SK9WxA==

"@esbuild/linux-arm64@0.25.10":
  version "0.25.10"
  resolved "https://artifactory.tcsbank.ru/artifactory/api/npm/npm-all/@esbuild/linux-arm64/-/linux-arm64-0.25.10.tgz#3edc2f87b889a15b4cedaf65f498c2bed7b16b90"
  integrity sha512-5luJWN6YKBsawd5f9i4+c+geYiVEw20FVW5x0v1kEMWNq8UctFjDiMATBxLvmmHA4bf7F6hTRaJgtghFr9iziQ==

"@esbuild/linux-arm@0.25.10":
  version "0.25.10"
  resolved "https://artifactory.tcsbank.ru/artifactory/api/npm/npm-all/@esbuild/linux-arm/-/linux-arm-0.25.10.tgz#86501cfdfb3d110176d80c41b27ed4611471cde7"
  integrity sha512-oR31GtBTFYCqEBALI9r6WxoU/ZofZl962pouZRTEYECvNF/dtXKku8YXcJkhgK/beU+zedXfIzHijSRapJY3vg==

"@esbuild/linux-ia32@0.25.10":
  version "0.25.10"
  resolved "https://artifactory.tcsbank.ru/artifactory/api/npm/npm-all/@esbuild/linux-ia32/-/linux-ia32-0.25.10.tgz#e6589877876142537c6864680cd5d26a622b9d97"
  integrity sha512-NrSCx2Kim3EnnWgS4Txn0QGt0Xipoumb6z6sUtl5bOEZIVKhzfyp/Lyw4C1DIYvzeW/5mWYPBFJU3a/8Yr75DQ==

"@esbuild/linux-loong64@0.25.10":
  version "0.25.10"
  resolved "https://artifactory.tcsbank.ru/artifactory/api/npm/npm-all/@esbuild/linux-loong64/-/linux-loong64-0.25.10.tgz#11119e18781f136d8083ea10eb6be73db7532de8"
  integrity sha512-xoSphrd4AZda8+rUDDfD9J6FUMjrkTz8itpTITM4/xgerAZZcFW7Dv+sun7333IfKxGG8gAq+3NbfEMJfiY+Eg==

"@esbuild/linux-mips64el@0.25.10":
  version "0.25.10"
  resolved "https://artifactory.tcsbank.ru/artifactory/api/npm/npm-all/@esbuild/linux-mips64el/-/linux-mips64el-0.25.10.tgz#3052f5436b0c0c67a25658d5fc87f045e7def9e6"
  integrity sha512-ab6eiuCwoMmYDyTnyptoKkVS3k8fy/1Uvq7Dj5czXI6DF2GqD2ToInBI0SHOp5/X1BdZ26RKc5+qjQNGRBelRA==

"@esbuild/linux-ppc64@0.25.10":
  version "0.25.10"
  resolved "https://artifactory.tcsbank.ru/artifactory/api/npm/npm-all/@esbuild/linux-ppc64/-/linux-ppc64-0.25.10.tgz#2f098920ee5be2ce799f35e367b28709925a8744"
  integrity sha512-NLinzzOgZQsGpsTkEbdJTCanwA5/wozN9dSgEl12haXJBzMTpssebuXR42bthOF3z7zXFWH1AmvWunUCkBE4EA==

"@esbuild/linux-riscv64@0.25.10":
  version "0.25.10"
  resolved "https://artifactory.tcsbank.ru/artifactory/api/npm/npm-all/@esbuild/linux-riscv64/-/linux-riscv64-0.25.10.tgz#fa51d7fd0a22a62b51b4b94b405a3198cf7405dd"
  integrity sha512-FE557XdZDrtX8NMIeA8LBJX3dC2M8VGXwfrQWU7LB5SLOajfJIxmSdyL/gU1m64Zs9CBKvm4UAuBp5aJ8OgnrA==

"@esbuild/linux-s390x@0.25.10":
  version "0.25.10"
  resolved "https://artifactory.tcsbank.ru/artifactory/api/npm/npm-all/@esbuild/linux-s390x/-/linux-s390x-0.25.10.tgz#a27642e36fc282748fdb38954bd3ef4f85791e8a"
  integrity sha512-3BBSbgzuB9ajLoVZk0mGu+EHlBwkusRmeNYdqmznmMc9zGASFjSsxgkNsqmXugpPk00gJ0JNKh/97nxmjctdew==

"@esbuild/linux-x64@0.25.10":
  version "0.25.10"
  resolved "https://artifactory.tcsbank.ru/artifactory/api/npm/npm-all/@esbuild/linux-x64/-/linux-x64-0.25.10.tgz#9d9b09c0033d17529570ced6d813f98315dfe4e9"
  integrity sha512-QSX81KhFoZGwenVyPoberggdW1nrQZSvfVDAIUXr3WqLRZGZqWk/P4T8p2SP+de2Sr5HPcvjhcJzEiulKgnxtA==

"@esbuild/netbsd-arm64@0.25.10":
  version "0.25.10"
  resolved "https://artifactory.tcsbank.ru/artifactory/api/npm/npm-all/@esbuild/netbsd-arm64/-/netbsd-arm64-0.25.10.tgz#25c09a659c97e8af19e3f2afd1c9190435802151"
  integrity sha512-AKQM3gfYfSW8XRk8DdMCzaLUFB15dTrZfnX8WXQoOUpUBQ+NaAFCP1kPS/ykbbGYz7rxn0WS48/81l9hFl3u4A==

"@esbuild/netbsd-x64@0.25.10":
  version "0.25.10"
  resolved "https://artifactory.tcsbank.ru/artifactory/api/npm/npm-all/@esbuild/netbsd-x64/-/netbsd-x64-0.25.10.tgz#7fa5f6ffc19be3a0f6f5fd32c90df3dc2506937a"
  integrity sha512-7RTytDPGU6fek/hWuN9qQpeGPBZFfB4zZgcz2VK2Z5VpdUxEI8JKYsg3JfO0n/Z1E/6l05n0unDCNc4HnhQGig==

"@esbuild/openbsd-arm64@0.25.10":
  version "0.25.10"
  resolved "https://artifactory.tcsbank.ru/artifactory/api/npm/npm-all/@esbuild/openbsd-arm64/-/openbsd-arm64-0.25.10.tgz#8faa6aa1afca0c6d024398321d6cb1c18e72a1c3"
  integrity sha512-5Se0VM9Wtq797YFn+dLimf2Zx6McttsH2olUBsDml+lm0GOCRVebRWUvDtkY4BWYv/3NgzS8b/UM3jQNh5hYyw==

"@esbuild/openbsd-x64@0.25.10":
  version "0.25.10"
  resolved "https://artifactory.tcsbank.ru/artifactory/api/npm/npm-all/@esbuild/openbsd-x64/-/openbsd-x64-0.25.10.tgz#a42979b016f29559a8453d32440d3c8cd420af5e"
  integrity sha512-XkA4frq1TLj4bEMB+2HnI0+4RnjbuGZfet2gs/LNs5Hc7D89ZQBHQ0gL2ND6Lzu1+QVkjp3x1gIcPKzRNP8bXw==

"@esbuild/openharmony-arm64@0.25.10":
  version "0.25.10"
  resolved "https://artifactory.tcsbank.ru/artifactory/api/npm/npm-all/@esbuild/openharmony-arm64/-/openharmony-arm64-0.25.10.tgz#fd87bfeadd7eeb3aa384bbba907459ffa3197cb1"
  integrity sha512-AVTSBhTX8Y/Fz6OmIVBip9tJzZEUcY8WLh7I59+upa5/GPhh2/aM6bvOMQySspnCCHvFi79kMtdJS1w0DXAeag==

"@esbuild/sunos-x64@0.25.10":
  version "0.25.10"
  resolved "https://artifactory.tcsbank.ru/artifactory/api/npm/npm-all/@esbuild/sunos-x64/-/sunos-x64-0.25.10.tgz#3a18f590e36cb78ae7397976b760b2b8c74407f4"
  integrity sha512-fswk3XT0Uf2pGJmOpDB7yknqhVkJQkAQOcW/ccVOtfx05LkbWOaRAtn5SaqXypeKQra1QaEa841PgrSL9ubSPQ==

"@esbuild/win32-arm64@0.25.10":
  version "0.25.10"
  resolved "https://artifactory.tcsbank.ru/artifactory/api/npm/npm-all/@esbuild/win32-arm64/-/win32-arm64-0.25.10.tgz#e71741a251e3fd971408827a529d2325551f530c"
  integrity sha512-ah+9b59KDTSfpaCg6VdJoOQvKjI33nTaQr4UluQwW7aEwZQsbMCfTmfEO4VyewOxx4RaDT/xCy9ra2GPWmO7Kw==

"@esbuild/win32-ia32@0.25.10":
  version "0.25.10"
  resolved "https://artifactory.tcsbank.ru/artifactory/api/npm/npm-all/@esbuild/win32-ia32/-/win32-ia32-0.25.10.tgz#c6f010b5d3b943d8901a0c87ea55f93b8b54bf94"
  integrity sha512-QHPDbKkrGO8/cz9LKVnJU22HOi4pxZnZhhA2HYHez5Pz4JeffhDjf85E57Oyco163GnzNCVkZK0b/n4Y0UHcSw==

"@esbuild/win32-x64@0.25.10":
  version "0.25.10"
  resolved "https://artifactory.tcsbank.ru/artifactory/api/npm/npm-all/@esbuild/win32-x64/-/win32-x64-0.25.10.tgz#e4b3e255a1b4aea84f6e1d2ae0b73f826c3785bd"
  integrity sha512-9KpxSVFCu0iK1owoez6aC/s/EdUQLDN3adTxGCqxMVhrPDj6bt5dbrHDXUuq+Bs2vATFBBrQS5vdQ/Ed2P+nbw==

"@ioredis/commands@1.4.0":
  version "1.4.0"
  resolved "https://artifactory.tcsbank.ru/artifactory/api/npm/npm-all/@ioredis/commands/-/commands-1.4.0.tgz#9f657d51cdd5d2fdb8889592aa4a355546151f25"
  integrity sha512-aFT2yemJJo+TZCmieA7qnYGQooOS7QfNmYrzGtsYd3g9j5iDP8AimYYAesf79ohjbLG12XxC4nG5DyEnC88AsQ==

"@nodelib/fs.scandir@2.1.5":
  version "2.1.5"
  resolved "https://artifactory.tcsbank.ru/artifactory/api/npm/npm-all/_relative/repository/npm-registry-npmjs-org-proxy/@nodelib/fs.scandir/-/fs.scandir-2.1.5.tgz#7619c2eb21b25483f6d167548b4cfd5a7488c3d5"
  integrity sha512-vq24Bq3ym5HEQm2NKCr3yXDwjc7vTsEThRDnkp2DK9p1uqLR+DHurm/NOTo0KG7HYHU7eppKZj3MyqYuMBf62g==
  dependencies:
    "@nodelib/fs.stat" "2.0.5"
    run-parallel "^1.1.9"

"@nodelib/fs.stat@2.0.5", "@nodelib/fs.stat@^2.0.2":
  version "2.0.5"
  resolved "https://artifactory.tcsbank.ru/artifactory/api/npm/npm-all/_relative/repository/npm-registry-npmjs-org-proxy/@nodelib/fs.stat/-/fs.stat-2.0.5.tgz#5bd262af94e9d25bd1e71b05deed44876a222e8b"
  integrity sha512-RkhPPp2zrqDAQA/2jNhnztcPAlv64XdhIp7a7454A5ovI7Bukxgt7MX7udwAu3zg1DcpPU0rz3VV1SeaqvY4+A==

"@nodelib/fs.walk@^1.2.3":
  version "1.2.8"
  resolved "https://artifactory.tcsbank.ru/artifactory/api/npm/npm-all/_relative/repository/npm-registry-npmjs-org-proxy/@nodelib/fs.walk/-/fs.walk-1.2.8.tgz#e95737e8bb6746ddedf69c556953494f196fe69a"
  integrity sha512-oGB+UxlgWcgQkgwo8GcEGwemoTFt3FIO9ababBmaGwXIoBKZ+GTy0pP185beGg7Llih/NSHSV2XAs1lnznocSg==
  dependencies:
    "@nodelib/fs.scandir" "2.1.5"
    fastq "^1.6.0"

"@origranot/ts-logger@^1.12.0":
  version "1.12.0"
  resolved "https://artifactory.tcsbank.ru/artifactory/api/npm/npm-all/_relative/repository/npm-registry-npmjs-org-proxy/@origranot/ts-logger/-/ts-logger-1.12.0.tgz#84f565d8cd5cbd83062dc8a98331acec3ab3e16d"
  integrity sha512-0mToYzg7zqisWUzddp+uy/ltLH03vndvgChFGd4J9hKQx44VaWNbslsNVrKLcFHhH+UCs5Bu67OIci5rK1gi/A==

"@types/ioredis@^5.0.0":
  version "5.0.0"
  resolved "https://artifactory.tcsbank.ru/artifactory/api/npm/npm-all/_relative/repository/npm-registry-npmjs-org-proxy/@types/ioredis/-/ioredis-5.0.0.tgz#c1ea7e2f3e2c5a942a27cfee6f62ddcfb23fb3e7"
  integrity sha512-zJbJ3FVE17CNl5KXzdeSPtdltc4tMT3TzC6fxQS0sQngkbFZ6h+0uTafsRqu+eSLIugf6Yb0Ea0SUuRr42Nk9g==
  dependencies:
    ioredis "*"

"@types/node@^22.10.7":
  version "22.18.6"
  resolved "https://artifactory.tcsbank.ru/artifactory/api/npm/npm-all/@types/node/-/node-22.18.6.tgz#38172ef0b65e09d1a4fc715eb09a7d5decfdc748"
  integrity sha512-r8uszLPpeIWbNKtvWRt/DbVi5zbqZyj1PTmhRMqBMvDnaz1QpmSKujUtJLrqGZeoM8v72MfYggDceY4K1itzWQ==
  dependencies:
    undici-types "~6.21.0"

anymatch@~3.1.2:
  version "3.1.3"
  resolved "https://artifactory.tcsbank.ru/artifactory/api/npm/npm-all/_relative/repository/npm-registry-npmjs-org-proxy/anymatch/-/anymatch-3.1.3.tgz#790c58b19ba1720a84205b57c618d5ad8524973e"
  integrity sha512-KMReFUr0B4t+D+OBkjR3KYqvocp2XaSzO55UcB6mgQMd3KbcE+mWTyvVV7D/zsdEbNnV6acZUutkiHQXvTr1Rw==
  dependencies:
    normalize-path "^3.0.0"
    picomatch "^2.0.4"

async@^3.2.6:
  version "3.2.6"
  resolved "https://registry.yarnpkg.com/async/-/async-3.2.6.tgz#1b0728e14929d51b85b449b7f06e27c1145e38ce"
  integrity sha512-htCUDlxyyCLMgaM3xXg0C0LW2xqfuQ6p05pCEIsXuyQ+a1koYKTuBMzRNwmybfLgvJDMd0r1LTn4+E0Ti6C2AA==

balanced-match@^1.0.0:
  version "1.0.2"
  resolved "https://artifactory.tcsbank.ru/artifactory/api/npm/npm-all/_relative/repository/npm-registry-npmjs-org-proxy/balanced-match/-/balanced-match-1.0.2.tgz#e83e3a7e3f300b34cb9d87f615fa0cbf357690ee"
  integrity sha512-3oSeUO0TMV67hN1AmbXsK4yaqU7tjiHlbxRDZOpH0KW9+CeX4bRAaX0Anxt0tx2MrpRpWwQaPwIlISEJhYU5Pw==

binary-extensions@^2.0.0:
  version "2.3.0"
  resolved "https://artifactory.tcsbank.ru/artifactory/api/npm/npm-all/_relative/repository/npm-registry-npmjs-org-proxy/binary-extensions/-/binary-extensions-2.3.0.tgz#f6e14a97858d327252200242d4ccfe522c445522"
  integrity sha512-Ceh+7ox5qe7LJuLHoY0feh3pHuUDHAcRUeyL2VYghZwfpkNIy/+8Ocg0a3UuSoYzavmylwuLWQOf3hl0jjMMIw==

brace-expansion@^1.1.7:
  version "1.1.12"
  resolved "https://artifactory.tcsbank.ru/artifactory/api/npm/npm-all/_relative/repository/npm-registry-npmjs-org-proxy/brace-expansion/-/brace-expansion-1.1.12.tgz#ab9b454466e5a8cc3a187beaad580412a9c5b843"
  integrity sha512-9T9UjW3r0UW5c1Q7GTwllptXwhvYmEzFhzMfZ9H7FQWt+uZePjZPjBP/W1ZEyZ1twGWom5/56TF4lPcqjnDHcg==
  dependencies:
    balanced-match "^1.0.0"
    concat-map "0.0.1"

braces@^3.0.3, braces@~3.0.2:
  version "3.0.3"
  resolved "https://artifactory.tcsbank.ru/artifactory/api/npm/npm-all/_relative/repository/npm-registry-npmjs-org-proxy/braces/-/braces-3.0.3.tgz#490332f40919452272d55a8480adc0c441358789"
  integrity sha512-yQbXgO/OSZVD2IsiLlro+7Hf6Q18EJrKSEsdoMzKePKXct3gvD8oLcOQdIzGupr5Fj+EDe8gO/lxc1BzfMpxvA==
  dependencies:
    fill-range "^7.1.1"

chokidar@^3.5.2:
  version "3.6.0"
  resolved "https://artifactory.tcsbank.ru/artifactory/api/npm/npm-all/_relative/repository/npm-registry-npmjs-org-proxy/chokidar/-/chokidar-3.6.0.tgz#197c6cc669ef2a8dc5e7b4d97ee4e092c3eb0d5b"
  integrity sha512-7VT13fmjotKpGipCW9JEQAusEPE+Ei8nl6/g4FBAmIm0GOOLMua9NDDo/DWp0ZAxCr3cPq5ZpBqmPAQgDda2Pw==
  dependencies:
    anymatch "~3.1.2"
    braces "~3.0.2"
    glob-parent "~5.1.2"
    is-binary-path "~2.1.0"
    is-glob "~4.0.1"
    normalize-path "~3.0.0"
    readdirp "~3.6.0"
  optionalDependencies:
    fsevents "~2.3.2"

cluster-key-slot@^1.1.0:
  version "1.1.2"
  resolved "https://artifactory.tcsbank.ru/artifactory/api/npm/npm-all/cluster-key-slot/-/cluster-key-slot-1.1.2.tgz#88ddaa46906e303b5de30d3153b7d9fe0a0c19ac"
  integrity sha512-RMr0FhtfXemyinomL4hrWcYJxmX6deFdCxpJzhDttxgO1+bcCnkk+9drydLVDmAMG7NE6aN/fl4F7ucU/90gAA==

concat-map@0.0.1:
  version "0.0.1"
  resolved "https://artifactory.tcsbank.ru/artifactory/api/npm/npm-all/_relative/repository/npm-registry-npmjs-org-proxy/concat-map/-/concat-map-0.0.1.tgz#d8a96bd77fd68df7793a73036a3ba0d5405d477b"
  integrity sha512-/Srv4dswyQNBfohGpz9o6Yb3Gz3SrUDqBH5rTuhGR7ahtlbYKnVxw2bCFMRljaA7EXHaXZ8wsHdodFvbkhKmqg==

cross-spawn@^7.0.3:
  version "7.0.6"
  resolved "https://artifactory.tcsbank.ru/artifactory/api/npm/npm-all/_relative/repository/npm-registry-npmjs-org-proxy/cross-spawn/-/cross-spawn-7.0.6.tgz#8a58fe78f00dcd70c370451759dfbfaf03e8ee9f"
  integrity sha512-uV2QOWP2nWzsy2aMp8aRibhi9dlzF5Hgh5SHaB9OiTGEyDTiJJyx0uy51QXdyWbtAHNua4XJzUKca3OzKUd3vA==
  dependencies:
    path-key "^3.1.0"
    shebang-command "^2.0.0"
    which "^2.0.1"

debug@^4, debug@^4.3.4:
  version "4.4.3"
  resolved "https://artifactory.tcsbank.ru/artifactory/api/npm/npm-all/debug/-/debug-4.4.3.tgz#c6ae432d9bd9662582fce08709b038c58e9e3d6a"
  integrity sha512-RGwwWnwQvkVfavKVt22FGLw+xYSdzARwm0ru6DhTVA3umU5hZc28V3kO4stgYryrTlLpuvgI9GiijltAjNbcqA==
  dependencies:
    ms "^2.1.3"

denque@^2.1.0:
  version "2.1.0"
  resolved "https://artifactory.tcsbank.ru/artifactory/api/npm/npm-all/_relative/repository/npm-registry-npmjs-org-proxy/denque/-/denque-2.1.0.tgz#e93e1a6569fb5e66f16a3c2a2964617d349d6ab1"
  integrity sha512-HVQE3AAb/pxF8fQAoiqpvg9i3evqug3hoiwakOyZAwJm+6vZehbkYXZ0l4JxS+I3QxM97v5aaRNhj8v5oBhekw==

esbuild@~0.25.0:
  version "0.25.10"
  resolved "https://artifactory.tcsbank.ru/artifactory/api/npm/npm-all/esbuild/-/esbuild-0.25.10.tgz#37f5aa5cd14500f141be121c01b096ca83ac34a9"
  integrity sha512-9RiGKvCwaqxO2owP61uQ4BgNborAQskMR6QusfWzQqv7AZOg5oGehdY2pRJMTKuwxd1IDBP4rSbI5lHzU7SMsQ==
  optionalDependencies:
    "@esbuild/aix-ppc64" "0.25.10"
    "@esbuild/android-arm" "0.25.10"
    "@esbuild/android-arm64" "0.25.10"
    "@esbuild/android-x64" "0.25.10"
    "@esbuild/darwin-arm64" "0.25.10"
    "@esbuild/darwin-x64" "0.25.10"
    "@esbuild/freebsd-arm64" "0.25.10"
    "@esbuild/freebsd-x64" "0.25.10"
    "@esbuild/linux-arm" "0.25.10"
    "@esbuild/linux-arm64" "0.25.10"
    "@esbuild/linux-ia32" "0.25.10"
    "@esbuild/linux-loong64" "0.25.10"
    "@esbuild/linux-mips64el" "0.25.10"
    "@esbuild/linux-ppc64" "0.25.10"
    "@esbuild/linux-riscv64" "0.25.10"
    "@esbuild/linux-s390x" "0.25.10"
    "@esbuild/linux-x64" "0.25.10"
    "@esbuild/netbsd-arm64" "0.25.10"
    "@esbuild/netbsd-x64" "0.25.10"
    "@esbuild/openbsd-arm64" "0.25.10"
    "@esbuild/openbsd-x64" "0.25.10"
    "@esbuild/openharmony-arm64" "0.25.10"
    "@esbuild/sunos-x64" "0.25.10"
    "@esbuild/win32-arm64" "0.25.10"
    "@esbuild/win32-ia32" "0.25.10"
    "@esbuild/win32-x64" "0.25.10"

execa@^5.1.1:
  version "5.1.1"
  resolved "https://artifactory.tcsbank.ru/artifactory/api/npm/npm-all/execa/-/execa-5.1.1.tgz#f80ad9cbf4298f7bd1d4c9555c21e93741c411dd"
  integrity sha512-8uSpZZocAZRBAPIEINJj3Lo9HyGitllczc27Eh5YYojjMFMn8yHMDMaUHE2Jqfq05D/wucwI4JGURyXt1vchyg==
  dependencies:
    cross-spawn "^7.0.3"
    get-stream "^6.0.0"
    human-signals "^2.1.0"
    is-stream "^2.0.0"
    merge-stream "^2.0.0"
    npm-run-path "^4.0.1"
    onetime "^5.1.2"
    signal-exit "^3.0.3"
    strip-final-newline "^2.0.0"

fast-glob@^3.3.2:
  version "3.3.3"
  resolved "https://artifactory.tcsbank.ru/artifactory/api/npm/npm-all/_relative/repository/npm-registry-npmjs-org-proxy/fast-glob/-/fast-glob-3.3.3.tgz#d06d585ce8dba90a16b0505c543c3ccfb3aeb818"
  integrity sha512-7MptL8U0cqcFdzIzwOTHoilX9x5BrNqye7Z/LuC7kCMRio1EMSyqRK3BEAUD7sXRq4iT4AzTVuZdhgQ2TCvYLg==
  dependencies:
    "@nodelib/fs.stat" "^2.0.2"
    "@nodelib/fs.walk" "^1.2.3"
    glob-parent "^5.1.2"
    merge2 "^1.3.0"
    micromatch "^4.0.8"

fastq@^1.6.0:
  version "1.19.1"
  resolved "https://artifactory.tcsbank.ru/artifactory/api/npm/npm-all/_relative/repository/npm-registry-npmjs-org-proxy/fastq/-/fastq-1.19.1.tgz#d50eaba803c8846a883c16492821ebcd2cda55f5"
  integrity sha512-GwLTyxkCXjXbxqIhTsMI2Nui8huMPtnxg7krajPJAjnEG/iiOS7i+zCtWGZR9G0NBKbXKh6X9m9UIsYX/N6vvQ==
  dependencies:
    reusify "^1.0.4"

fill-range@^7.1.1:
  version "7.1.1"
  resolved "https://artifactory.tcsbank.ru/artifactory/api/npm/npm-all/_relative/repository/npm-registry-npmjs-org-proxy/fill-range/-/fill-range-7.1.1.tgz#44265d3cac07e3ea7dc247516380643754a05292"
  integrity sha512-YsGpe3WHLK8ZYi4tWDg2Jy3ebRz2rXowDxnld4bkQB00cc/1Zw9AWnC0i9ztDJitivtQvaI9KaLyKrc+hBW0yg==
  dependencies:
    to-regex-range "^5.0.1"

fsevents@~2.3.2, fsevents@~2.3.3:
  version "2.3.3"
  resolved "https://artifactory.tcsbank.ru/artifactory/api/npm/npm-all/_relative/repository/npm-registry-npmjs-org-proxy/fsevents/-/fsevents-2.3.3.tgz#cac6407785d03675a2a5e1a5305c697b347d90d6"
  integrity sha512-5xoDfX+fL7faATnagmWPpbFtwh/R77WmMMqqHGS65C3vvB0YHrgF+B1YmZ3441tMj5n63k0212XNoJwzlhffQw==

get-stream@^6.0.0:
  version "6.0.1"
  resolved "https://artifactory.tcsbank.ru/artifactory/api/npm/npm-all/_relative/repository/npm-registry-npmjs-org-proxy/get-stream/-/get-stream-6.0.1.tgz#a262d8eef67aced57c2852ad6167526a43cbf7b7"
  integrity sha512-ts6Wi+2j3jQjqi70w5AlN8DFnkSwC+MqmxEzdEALB2qXZYV3X/b1CTfgPLGJNMeAWxdPfU8FO1ms3NUfaHCPYg==

get-tsconfig@^4.7.5:
  version "4.10.1"
  resolved "https://artifactory.tcsbank.ru/artifactory/api/npm/npm-all/_relative/repository/npm-registry-npmjs-org-proxy/get-tsconfig/-/get-tsconfig-4.10.1.tgz#d34c1c01f47d65a606c37aa7a177bc3e56ab4b2e"
  integrity sha512-auHyJ4AgMz7vgS8Hp3N6HXSmlMdUyhSUrfBF16w153rxtLIEOE+HGqaBppczZvnHLqQJfiHotCYpNhl0lUROFQ==
  dependencies:
    resolve-pkg-maps "^1.0.0"

glob-parent@^5.1.2, glob-parent@~5.1.2:
  version "5.1.2"
  resolved "https://artifactory.tcsbank.ru/artifactory/api/npm/npm-all/_relative/repository/npm-registry-npmjs-org-proxy/glob-parent/-/glob-parent-5.1.2.tgz#869832c58034fe68a4093c17dc15e8340d8401c4"
  integrity sha512-AOIgSQCepiJYwP3ARnGx+5VnTu2HBYdzbGP45eLw1vr3zB3vZLeyed1sC9hnbcOc9/SrMyM5RPQrkGz4aS9Zow==
  dependencies:
    is-glob "^4.0.1"

has-flag@^3.0.0:
  version "3.0.0"
  resolved "https://artifactory.tcsbank.ru/artifactory/api/npm/npm-all/_relative/repository/npm-registry-npmjs-org-proxy/has-flag/-/has-flag-3.0.0.tgz#b5d454dc2199ae225699f3467e5a07f3b955bafd"
  integrity sha512-sKJf1+ceQBr4SMkvQnBDNDtf4TXpVhVGateu0t918bl30FnbE2m4vNLX+VWe/dpjlb+HugGYzW7uQXH98HPEYw==

human-signals@^2.1.0:
  version "2.1.0"
  resolved "https://artifactory.tcsbank.ru/artifactory/api/npm/npm-all/_relative/repository/npm-registry-npmjs-org-proxy/human-signals/-/human-signals-2.1.0.tgz#dc91fcba42e4d06e4abaed33b3e7a3c02f514ea0"
  integrity sha512-B4FFZ6q/T2jhhksgkbEW3HBvWIfDW85snkQgawt07S7J5QXTk6BkNV+0yAeZrM5QpMAdYlocGoljn0sJ/WQkFw==

ignore-by-default@^1.0.1:
  version "1.0.1"
  resolved "https://artifactory.tcsbank.ru/artifactory/api/npm/npm-all/ignore-by-default/-/ignore-by-default-1.0.1.tgz#48ca6d72f6c6a3af00a9ad4ae6876be3889e2b09"
  integrity sha512-Ius2VYcGNk7T90CppJqcIkS5ooHUZyIQK+ClZfMfMNFEF9VSE73Fq+906u/CWu92x4gzZMWOwfFYckPObzdEbA==

ioredis@*, ioredis@^5.7.0:
  version "5.8.0"
  resolved "https://artifactory.tcsbank.ru/artifactory/api/npm/npm-all/ioredis/-/ioredis-5.8.0.tgz#a1c4ef6be2e274cc8e99c9e22794ef1ef06dc24a"
  integrity sha512-AUXbKn9gvo9hHKvk6LbZJQSKn/qIfkWXrnsyL9Yrf+oeXmla9Nmf6XEumOddyhM8neynpK5oAV6r9r99KBuwzA==
  dependencies:
    "@ioredis/commands" "1.4.0"
    cluster-key-slot "^1.1.0"
    debug "^4.3.4"
    denque "^2.1.0"
    lodash.defaults "^4.2.0"
    lodash.isarguments "^3.1.0"
    redis-errors "^1.2.0"
    redis-parser "^3.0.0"
    standard-as-callback "^2.1.0"

is-binary-path@~2.1.0:
  version "2.1.0"
  resolved "https://artifactory.tcsbank.ru/artifactory/api/npm/npm-all/_relative/repository/npm-registry-npmjs-org-proxy/is-binary-path/-/is-binary-path-2.1.0.tgz#ea1f7f3b80f064236e83470f86c09c254fb45b09"
  integrity sha512-ZMERYes6pDydyuGidse7OsHxtbI7WVeUEozgR/g7rd0xUimYNlvZRE/K2MgZTjWy725IfelLeVcEM97mmtRGXw==
  dependencies:
    binary-extensions "^2.0.0"

is-extglob@^2.1.1:
  version "2.1.1"
  resolved "https://artifactory.tcsbank.ru/artifactory/api/npm/npm-all/_relative/repository/npm-registry-npmjs-org-proxy/is-extglob/-/is-extglob-2.1.1.tgz#a88c02535791f02ed37c76a1b9ea9773c833f8c2"
  integrity sha512-SbKbANkN603Vi4jEZv49LeVJMn4yGwsbzZworEoyEiutsN3nJYdbO36zfhGJ6QEDpOZIFkDtnq5JRxmvl3jsoQ==

is-glob@^4.0.1, is-glob@~4.0.1:
  version "4.0.3"
  resolved "https://artifactory.tcsbank.ru/artifactory/api/npm/npm-all/_relative/repository/npm-registry-npmjs-org-proxy/is-glob/-/is-glob-4.0.3.tgz#64f61e42cbbb2eec2071a9dac0b28ba1e65d5084"
  integrity sha512-xelSayHH36ZgE7ZWhli7pW34hNbNl8Ojv5KVmkJD4hBdD3th8Tfk9vYasLM+mXWOZhFkgZfxhLSnrwRr4elSSg==
  dependencies:
    is-extglob "^2.1.1"

is-number@^7.0.0:
  version "7.0.0"
  resolved "https://artifactory.tcsbank.ru/artifactory/api/npm/npm-all/_relative/repository/npm-registry-npmjs-org-proxy/is-number/-/is-number-7.0.0.tgz#7535345b896734d5f80c4d06c50955527a14f12b"
  integrity sha512-41Cifkg6e8TylSpdtTpeLVMqvSBEVzTttHvERD741+pnZ8ANv0004MRL43QKPDlK9cGvNp6NZWZUBlbGXYxxng==

is-stream@^2.0.0:
  version "2.0.1"
  resolved "https://artifactory.tcsbank.ru/artifactory/api/npm/npm-all/_relative/repository/npm-registry-npmjs-org-proxy/is-stream/-/is-stream-2.0.1.tgz#fac1e3d53b97ad5a9d0ae9cef2389f5810a5c077"
  integrity sha512-hFoiJiTl63nn+kstHGBtewWSKnQLpyb155KHheA1l39uvtO9nWIop1p3udqPcUd/xbF1VLMO4n7OI6p7RbngDg==

isexe@^2.0.0:
  version "2.0.0"
  resolved "https://artifactory.tcsbank.ru/artifactory/api/npm/npm-all/_relative/repository/npm-registry-npmjs-org-proxy/isexe/-/isexe-2.0.0.tgz#e8fbf374dc556ff8947a10dcb0572d633f2cfa10"
  integrity sha512-RHxMLp9lnKHGHRng9QFhRCMbYAcVpn69smSGcq3f36xjgVVWThj4qqLbTLlq7Ssj8B+fIQ1EuCEGI2lKsyQeIw==

lodash.defaults@^4.2.0:
  version "4.2.0"
  resolved "https://artifactory.tcsbank.ru/artifactory/api/npm/npm-all/_relative/repository/npm-registry-npmjs-org-proxy/lodash.defaults/-/lodash.defaults-4.2.0.tgz#d09178716ffea4dde9e5fb7b37f6f0802274580c"
  integrity sha512-qjxPLHd3r5DnsdGacqOMU6pb/avJzdh9tFX2ymgoZE27BmjXrNy/y4LoaiTeAb+O3gL8AfpJGtqfX/ae2leYYQ==

lodash.isarguments@^3.1.0:
  version "3.1.0"
  resolved "https://artifactory.tcsbank.ru/artifactory/api/npm/npm-all/lodash.isarguments/-/lodash.isarguments-3.1.0.tgz#2f573d85c6a24289ff00663b491c1d338ff3458a"
  integrity sha512-chi4NHZlZqZD18a0imDHnZPrDeBbTtVN7GXMwuGdRH9qotxAjYs3aVLKc7zNOG9eddR5Ksd8rvFEBc9SsggPpg==

merge-stream@^2.0.0:
  version "2.0.0"
  resolved "https://artifactory.tcsbank.ru/artifactory/api/npm/npm-all/_relative/repository/npm-registry-npmjs-org-proxy/merge-stream/-/merge-stream-2.0.0.tgz#52823629a14dd00c9770fb6ad47dc6310f2c1f60"
  integrity sha512-abv/qOcuPfk3URPfDzmZU1LKmuw8kT+0nIHvKrKgFrwifol/doWcdA4ZqsWQ8ENrFKkd67Mfpo/LovbIUsbt3w==

merge2@^1.3.0:
  version "1.4.1"
  resolved "https://artifactory.tcsbank.ru/artifactory/api/npm/npm-all/merge2/-/merge2-1.4.1.tgz#4368892f885e907455a6fd7dc55c0c9d404990ae"
  integrity sha512-8q7VEgMJW4J8tcfVPy8g09NcQwZdbwFEqhe/WZkoIzjn/3TGDwtOCYtXGxA3O8tPzpczCCDgv+P2P5y00ZJOOg==

micromatch@^4.0.8:
  version "4.0.8"
  resolved "https://artifactory.tcsbank.ru/artifactory/api/npm/npm-all/_relative/repository/npm-registry-npmjs-org-proxy/micromatch/-/micromatch-4.0.8.tgz#d66fa18f3a47076789320b9b1af32bd86d9fa202"
  integrity sha512-PXwfBhYu0hBCPw8Dn0E+WDYb7af3dSLVWKi3HGv84IdF4TyFoC0ysxFd0Goxw7nSv4T/PzEJQxsYsEiFCKo2BA==
  dependencies:
    braces "^3.0.3"
    picomatch "^2.3.1"

mimic-fn@^2.1.0:
  version "2.1.0"
  resolved "https://artifactory.tcsbank.ru/artifactory/api/npm/npm-all/_relative/repository/npm-registry-npmjs-org-proxy/mimic-fn/-/mimic-fn-2.1.0.tgz#7ed2c2ccccaf84d3ffcb7a69b57711fc2083401b"
  integrity sha512-OqbOk5oEQeAZ8WXWydlu9HJjz9WVdEIvamMCcXmuqUYjTknH/sqsWvhQ3vgwKFRR1HpjvNBKQ37nbJgYzGqGcg==

minimatch@^3.1.2:
  version "3.1.2"
  resolved "https://artifactory.tcsbank.ru/artifactory/api/npm/npm-all/_relative/repository/npm-registry-npmjs-org-proxy/minimatch/-/minimatch-3.1.2.tgz#19cd194bfd3e428f049a70817c038d89ab4be35b"
  integrity sha512-J7p63hRiAjw1NDEww1W7i37+ByIrOWO5XQQAzZ3VOcL0PNybwpfmV/N05zFAzwQ9USyEcX6t3UO+K5aqBQOIHw==
  dependencies:
    brace-expansion "^1.1.7"

ms@^2.1.3:
  version "2.1.3"
  resolved "https://artifactory.tcsbank.ru/artifactory/api/npm/npm-all/_relative/repository/npm-registry-npmjs-org-proxy/ms/-/ms-2.1.3.tgz#574c8138ce1d2b5861f0b44579dbadd60c6615b2"
  integrity sha512-6FlzubTLZG3J2a/NVCAleEhjzq5oxgHyaCU9yYXvcLsvoVaHJq/s5xXI6/XXP6tz7R9xAOtHnSO/tXtF3WRTlA==

nodemon@^3.1.10:
  version "3.1.10"
  resolved "https://artifactory.tcsbank.ru/artifactory/api/npm/npm-all/nodemon/-/nodemon-3.1.10.tgz#5015c5eb4fffcb24d98cf9454df14f4fecec9bc1"
  integrity sha512-WDjw3pJ0/0jMFmyNDp3gvY2YizjLmmOUQo6DEBY+JgdvW/yQ9mEeSw6H5ythl5Ny2ytb7f9C2nIbjSxMNzbJXw==
  dependencies:
    chokidar "^3.5.2"
    debug "^4"
    ignore-by-default "^1.0.1"
    minimatch "^3.1.2"
    pstree.remy "^1.1.8"
    semver "^7.5.3"
    simple-update-notifier "^2.0.0"
    supports-color "^5.5.0"
    touch "^3.1.0"
    undefsafe "^2.0.5"

normalize-path@^3.0.0, normalize-path@~3.0.0:
  version "3.0.0"
  resolved "https://artifactory.tcsbank.ru/artifactory/api/npm/npm-all/normalize-path/-/normalize-path-3.0.0.tgz#0dcd69ff23a1c9b11fd0978316644a0388216a65"
  integrity sha512-6eZs5Ls3WtCisHWp9S2GUy8dqkpGi4BVSz3GaqiE6ezub0512ESztXUwUB6C6IKbQkY2Pnb/mD4WYojCRwcwLA==

npm-run-path@^4.0.1:
  version "4.0.1"
  resolved "https://artifactory.tcsbank.ru/artifactory/api/npm/npm-all/_relative/repository/npm-registry-npmjs-org-proxy/npm-run-path/-/npm-run-path-4.0.1.tgz#b7ecd1e5ed53da8e37a55e1c2269e0b97ed748ea"
  integrity sha512-S48WzZW777zhNIrn7gxOlISNAqi9ZC/uQFnRdbeIHhZhCA6UqpkOT8T1G7BvfdgP4Er8gF4sUbaS0i7QvIfCWw==
  dependencies:
    path-key "^3.0.0"

onetime@^5.1.2:
  version "5.1.2"
  resolved "https://artifactory.tcsbank.ru/artifactory/api/npm/npm-all/_relative/repository/npm-registry-npmjs-org-proxy/onetime/-/onetime-5.1.2.tgz#d0e96ebb56b07476df1dd9c4806e5237985ca45e"
  integrity sha512-kbpaSSGJTWdAY5KPVeMOKXSrPtr8C8C7wodJbcsd51jRnmD+GZu8Y0VoU6Dm5Z4vWr0Ig/1NKuWRKf7j5aaYSg==
  dependencies:
    mimic-fn "^2.1.0"

path-key@^3.0.0, path-key@^3.1.0:
  version "3.1.1"
  resolved "https://artifactory.tcsbank.ru/artifactory/api/npm/npm-all/_relative/repository/npm-registry-npmjs-org-proxy/path-key/-/path-key-3.1.1.tgz#581f6ade658cbba65a0d3380de7753295054f375"
  integrity sha512-ojmeN0qd+y0jszEtoY48r0Peq5dwMEkIlCOu6Q5f41lfkswXuKtYrhgoTpLnyIcHm24Uhqx+5Tqm2InSwLhE6Q==

picomatch@^2.0.4, picomatch@^2.2.1, picomatch@^2.3.1:
  version "2.3.1"
  resolved "https://artifactory.tcsbank.ru/artifactory/api/npm/npm-all/_relative/repository/npm-registry-npmjs-org-proxy/picomatch/-/picomatch-2.3.1.tgz#3ba3833733646d9d3e4995946c1365a67fb07a42"
  integrity sha512-JU3teHTNjmE2VCGFzuY8EXzCDVwEqB2a8fsIvwaStHhAWJEeVd1o1QD80CU6+ZdEXXSLbSsuLwJjkCBWqRQUVA==

pstree.remy@^1.1.8:
  version "1.1.8"
  resolved "https://artifactory.tcsbank.ru/artifactory/api/npm/npm-all/pstree.remy/-/pstree.remy-1.1.8.tgz#c242224f4a67c21f686839bbdb4ac282b8373d3a"
  integrity sha512-77DZwxQmxKnu3aR542U+X8FypNzbfJ+C5XQDk3uWjWxn6151aIMGthWYRXTqT1E5oJvg+ljaa2OJi+VfvCOQ8w==

queue-microtask@^1.2.2:
  version "1.2.3"
  resolved "https://artifactory.tcsbank.ru/artifactory/api/npm/npm-all/_relative/repository/npm-registry-npmjs-org-proxy/queue-microtask/-/queue-microtask-1.2.3.tgz#4929228bbc724dfac43e0efb058caf7b6cfb6243"
  integrity sha512-NuaNSa6flKT5JaSYQzJok04JzTL1CA6aGhv5rfLW3PgqA+M2ChpZQnAC8h8i4ZFkBS8X5RqkDBHA7r4hej3K9A==

readdirp@~3.6.0:
  version "3.6.0"
  resolved "https://artifactory.tcsbank.ru/artifactory/api/npm/npm-all/_relative/repository/npm-registry-npmjs-org-proxy/readdirp/-/readdirp-3.6.0.tgz#74a370bd857116e245b29cc97340cd431a02a6c7"
  integrity sha512-hOS089on8RduqdbhvQ5Z37A0ESjsqz6qnRcffsMU3495FuTdqSm+7bhJ29JvIOsBDEEnan5DPu9t3To9VRlMzA==
  dependencies:
    picomatch "^2.2.1"

redis-errors@^1.0.0, redis-errors@^1.2.0:
  version "1.2.0"
  resolved "https://artifactory.tcsbank.ru/artifactory/api/npm/npm-all/_relative/repository/npm-registry-npmjs-org-proxy/redis-errors/-/redis-errors-1.2.0.tgz#eb62d2adb15e4eaf4610c04afe1529384250abad"
  integrity sha512-1qny3OExCf0UvUV/5wpYKf2YwPcOqXzkwKKSmKHiE6ZMQs5heeE/c8eXK+PNllPvmjgAbfnsbpkGZWy8cBpn9w==

redis-parser@^3.0.0:
  version "3.0.0"
  resolved "https://artifactory.tcsbank.ru/artifactory/api/npm/npm-all/_relative/repository/npm-registry-npmjs-org-proxy/redis-parser/-/redis-parser-3.0.0.tgz#b66d828cdcafe6b4b8a428a7def4c6bcac31c8b4"
  integrity sha512-DJnGAeenTdpMEH6uAJRK/uiyEIH9WVsUmoLwzudwGJUwZPp80PDBWPHXSAGNPwNvIXAbe7MSUB1zQFugFml66A==
  dependencies:
    redis-errors "^1.0.0"

resolve-pkg-maps@^1.0.0:
  version "1.0.0"
  resolved "https://artifactory.tcsbank.ru/artifactory/api/npm/npm-all/_relative/repository/npm-registry-npmjs-org-proxy/resolve-pkg-maps/-/resolve-pkg-maps-1.0.0.tgz#616b3dc2c57056b5588c31cdf4b3d64db133720f"
  integrity sha512-seS2Tj26TBVOC2NIc2rOe2y2ZO7efxITtLZcGSOnHHNOQ7CkiUBfw0Iw2ck6xkIhPwLhKNLS8BO+hEpngQlqzw==

reusify@^1.0.4:
  version "1.1.0"
  resolved "https://artifactory.tcsbank.ru/artifactory/api/npm/npm-all/_relative/repository/npm-registry-npmjs-org-proxy/reusify/-/reusify-1.1.0.tgz#0fe13b9522e1473f51b558ee796e08f11f9b489f"
  integrity sha512-g6QUff04oZpHs0eG5p83rFLhHeV00ug/Yf9nZM6fLeUrPguBTkTQOdpAWWspMh55TZfVQDPaN3NQJfbVRAxdIw==

run-parallel@^1.1.9:
  version "1.2.0"
  resolved "https://artifactory.tcsbank.ru/artifactory/api/npm/npm-all/_relative/repository/npm-registry-npmjs-org-proxy/run-parallel/-/run-parallel-1.2.0.tgz#66d1368da7bdf921eb9d95bd1a9229e7f21a43ee"
  integrity sha512-5l4VyZR86LZ/lDxZTR6jqL8AFE2S0IFLMP26AbjsLVADxHdhB/c0GUsH+y39UfCi3dzz8OlQuPmnaJOMoDHQBA==
  dependencies:
    queue-microtask "^1.2.2"

semver@^7.5.3:
  version "7.7.2"
  resolved "https://artifactory.tcsbank.ru/artifactory/api/npm/npm-all/_relative/repository/npm-registry-npmjs-org-proxy/semver/-/semver-7.7.2.tgz#67d99fdcd35cec21e6f8b87a7fd515a33f982b58"
  integrity sha512-RF0Fw+rO5AMf9MAyaRXI4AV0Ulj5lMHqVxxdSgiVbixSCXoEmmX/jk0CuJw4+3SqroYO9VoUh+HcuJivvtJemA==

shebang-command@^2.0.0:
  version "2.0.0"
  resolved "https://artifactory.tcsbank.ru/artifactory/api/npm/npm-all/_relative/repository/npm-registry-npmjs-org-proxy/shebang-command/-/shebang-command-2.0.0.tgz#ccd0af4f8835fbdc265b82461aaf0c36663f34ea"
  integrity sha512-kHxr2zZpYtdmrN1qDjrrX/Z1rR1kG8Dx+gkpK1G4eXmvXswmcE1hTWBWYUzlraYw1/yZp6YuDY77YtvbN0dmDA==
  dependencies:
    shebang-regex "^3.0.0"

shebang-regex@^3.0.0:
  version "3.0.0"
  resolved "https://artifactory.tcsbank.ru/artifactory/api/npm/npm-all/_relative/repository/npm-registry-npmjs-org-proxy/shebang-regex/-/shebang-regex-3.0.0.tgz#ae16f1644d873ecad843b0307b143362d4c42172"
  integrity sha512-7++dFhtcx3353uBaq8DDR4NuxBetBzC7ZQOhmTQInHEd6bSrXdiEyzCvG07Z44UYdLShWUyXt5M/yhz8ekcb1A==

shelljs@^0.10.0:
  version "0.10.0"
  resolved "https://artifactory.tcsbank.ru/artifactory/api/npm/npm-all/_relative/repository/npm-registry-npmjs-org-proxy/shelljs/-/shelljs-0.10.0.tgz#e3bbae99b0f3f0cc5dce05b46a346fae2090e883"
  integrity sha512-Jex+xw5Mg2qMZL3qnzXIfaxEtBaC4n7xifqaqtrZDdlheR70OGkydrPJWT0V1cA1k3nanC86x9FwAmQl6w3Klw==
  dependencies:
    execa "^5.1.1"
    fast-glob "^3.3.2"

signal-exit@^3.0.3:
  version "3.0.7"
  resolved "https://artifactory.tcsbank.ru/artifactory/api/npm/npm-all/_relative/repository/npm-registry-npmjs-org-proxy/signal-exit/-/signal-exit-3.0.7.tgz#a9a1767f8af84155114eaabd73f99273c8f59ad9"
  integrity sha512-wnD2ZE+l+SPC/uoS0vXeE9L1+0wuaMqKlfz9AMUo38JsyLSBWSFcHR1Rri62LZc12vLr1gb3jl7iwQhgwpAbGQ==

simple-update-notifier@^2.0.0:
  version "2.0.0"
  resolved "https://artifactory.tcsbank.ru/artifactory/api/npm/npm-all/_relative/repository/npm-registry-npmjs-org-proxy/simple-update-notifier/-/simple-update-notifier-2.0.0.tgz#d70b92bdab7d6d90dfd73931195a30b6e3d7cebb"
  integrity sha512-a2B9Y0KlNXl9u/vsW6sTIu9vGEpfKu2wRV6l1H3XEas/0gUIzGzBoP/IouTcUQbm9JWZLH3COxyn03TYlFax6w==
  dependencies:
    semver "^7.5.3"

standard-as-callback@^2.1.0:
  version "2.1.0"
  resolved "https://artifactory.tcsbank.ru/artifactory/api/npm/npm-all/standard-as-callback/-/standard-as-callback-2.1.0.tgz#8953fc05359868a77b5b9739a665c5977bb7df45"
  integrity sha512-qoRRSyROncaz1z0mvYqIE4lCd9p2R90i6GxW3uZv5ucSu8tU7B5HXUP1gG8pVZsYNVaXjk8ClXHPttLyxAL48A==

strip-final-newline@^2.0.0:
  version "2.0.0"
  resolved "https://artifactory.tcsbank.ru/artifactory/api/npm/npm-all/_relative/repository/npm-registry-npmjs-org-proxy/strip-final-newline/-/strip-final-newline-2.0.0.tgz#89b852fb2fcbe936f6f4b3187afb0a12c1ab58ad"
  integrity sha512-BrpvfNAE3dcvq7ll3xVumzjKjZQ5tI1sEUIKr3Uoks0XUl45St3FlatVqef9prk4jRDzhW6WZg+3bk93y6pLjA==

supports-color@^5.5.0:
  version "5.5.0"
  resolved "https://artifactory.tcsbank.ru/artifactory/api/npm/npm-all/_relative/repository/npm-registry-npmjs-org-proxy/supports-color/-/supports-color-5.5.0.tgz#e2e69a44ac8772f78a1ec0b35b689df6530efc8f"
  integrity sha512-QjVjwdXIt408MIiAqCX4oUKsgU2EqAGzs2Ppkm4aQYbjm+ZEWEcW4SfFNTr4uMNZma0ey4f5lgLrkB0aX0QMow==
  dependencies:
    has-flag "^3.0.0"

to-regex-range@^5.0.1:
  version "5.0.1"
  resolved "https://artifactory.tcsbank.ru/artifactory/api/npm/npm-all/to-regex-range/-/to-regex-range-5.0.1.tgz#1648c44aae7c8d988a326018ed72f5b4dd0392e4"
  integrity sha512-65P7iz6X5yEr1cwcgvQxbbIw7Uk3gOy5dIdtZ4rDveLqhrdJP+Li/Hx6tyK0NEb+2GCyneCMJiGqrADCSNk8sQ==
  dependencies:
    is-number "^7.0.0"

touch@^3.1.0:
  version "3.1.1"
  resolved "https://artifactory.tcsbank.ru/artifactory/api/npm/npm-all/_relative/repository/npm-registry-npmjs-org-proxy/touch/-/touch-3.1.1.tgz#097a23d7b161476435e5c1344a95c0f75b4a5694"
  integrity sha512-r0eojU4bI8MnHr8c5bNo7lJDdI2qXlWWJk6a9EAFG7vbhTjElYhBVS3/miuE0uOuoLdb8Mc/rVfsmm6eo5o9GA==

tsx@^4.20.5:
  version "4.20.6"
  resolved "https://artifactory.tcsbank.ru/artifactory/api/npm/npm-all/tsx/-/tsx-4.20.6.tgz#8fb803fd9c1f70e8ccc93b5d7c5e03c3979ccb2e"
  integrity sha512-ytQKuwgmrrkDTFP4LjR0ToE2nqgy886GpvRSpU0JAnrdBYppuY5rLkRUYPU1yCryb24SsKBTL/hlDQAEFVwtZg==
  dependencies:
    esbuild "~0.25.0"
    get-tsconfig "^4.7.5"
  optionalDependencies:
    fsevents "~2.3.3"

typescript@^5.9.2:
  version "5.9.2"
  resolved "https://artifactory.tcsbank.ru/artifactory/api/npm/npm-all/typescript/-/typescript-5.9.2.tgz#d93450cddec5154a2d5cabe3b8102b83316fb2a6"
  integrity sha512-CWBzXQrc/qOkhidw1OzBTQuYRbfyxDXJMVJ1XNwUHGROVmuaeiEm3OslpZ1RV96d7SKKjZKrSJu3+t/xlw3R9A==

undefsafe@^2.0.5:
  version "2.0.5"
  resolved "https://artifactory.tcsbank.ru/artifactory/api/npm/npm-all/undefsafe/-/undefsafe-2.0.5.tgz#38733b9327bdcd226db889fb723a6efd162e6e2c"
  integrity sha512-WxONCrssBM8TSPRqN5EmsjVrsv4A8X12J4ArBiiayv3DyyG3ZlIg6yysuuSYdZsVz3TKcTg2fd//Ujd4CHV1iA==

undici-types@~6.21.0:
  version "6.21.0"
  resolved "https://artifactory.tcsbank.ru/artifactory/api/npm/npm-all/undici-types/-/undici-types-6.21.0.tgz#691d00af3909be93a7faa13be61b3a5b50ef12cb"
  integrity sha512-iwDZqg0QAGrg9Rav5H4n0M64c3mkR59cJ6wQp+7C4nI0gsmExaedaYLNO44eT4AtBBwjbTiGPMlt2Md0T9H9JQ==

which@^2.0.1:
  version "2.0.2"
  resolved "https://artifactory.tcsbank.ru/artifactory/api/npm/npm-all/_relative/repository/npm-registry-npmjs-org-proxy/which/-/which-2.0.2.tgz#7c6a8dd0a636a0327e10b59c9286eee93f3f51b1"
  integrity sha512-BLI3Tl1TW3Pvl70l3yq3Y64i+awpwXqsGBYWkkqMtnbXgrMD+yj7rhW0kuEDxzJaYXGjEW5ogapKNMEKNMjibA==
  dependencies:
    isexe "^2.0.0"
